
Microsoft Visual Studio Solution File, Format Version 12.00
# Visual Studio Version 17
VisualStudioVersion = 17.2.32526.322
MinimumVisualStudioVersion = 10.0.40219.1
Project("{8BC9CEB8-8B4A-11D0-8D11-00A0C91BC942}") = "2018_APIFramework", "2018_APIFramework.vcxproj", "{87B6353D-C2A0-4DE0-AB53-FD6EE721F8BA}"
EndProject
Global
	GlobalSection(SolutionConfigurationPlatforms) = preSolution
		Debug|x64 = Debug|x64
		Debug|x86 = Debug|x86
		Release|x64 = Release|x64
		Release|x86 = Release|x86
	EndGlobalSection
	GlobalSection(ProjectConfigurationPlatforms) = postSolution
		{87B6353D-C2A0-4DE0-AB53-FD6EE721F8BA}.Debug|x64.ActiveCfg = Debug|x64
		{87B6353D-C2A0-4DE0-AB53-FD6EE721F8BA}.Debug|x64.Build.0 = Debug|x64
		{87B6353D-C2A0-4DE0-AB53-FD6EE721F8BA}.Debug|x86.ActiveCfg = Debug|Win32
		{87B6353D-C2A0-4DE0-AB53-FD6EE721F8BA}.Debug|x86.Build.0 = Debug|Win32
		{87B6353D-C2A0-4DE0-AB53-FD6EE721F8BA}.Release|x64.ActiveCfg = Release|x64
		{87B6353D-C2A0-4DE0-AB53-FD6EE721F8BA}.Release|x64.Build.0 = Release|x64
		{87B6353D-C2A0-4DE0-AB53-FD6EE721F8BA}.Release|x86.ActiveCfg = Release|Win32
		{87B6353D-C2A0-4DE0-AB53-FD6EE721F8BA}.Release|x86.Build.0 = Release|Win32
	EndGlobalSection
	GlobalSection(SolutionProperties) = preSolution
		HideSolutionNode = FALSE
	EndGlobalSection
	GlobalSection(ExtensibilityGlobals) = postSolution
		SolutionGuid = {30F2DD54-DCB1-44C1-AB58-8D2CD8B25041}
	EndGlobalSection
EndGlobal
